Microsoft Visual Studio Solution File, Format Version 12.00
# Visual Studio Version 17
VisualStudioVersion = 17.5.2.0
MinimumVisualStudioVersion = 10.0.40219.1
Project("{2150E333-8FDC-42A3-9474-1A3956D46DE8}") = "src", "src", "{827E0CD3-B72D-47B6-A68D-7590B98EB39B}"
EndProject
Project("{FAE04EC0-301F-11D3-BF4B-00C04F79EFBC}") = "Gateway.Poller", "src\Gateway.Poller\Gateway.Poller.csproj", "{7F300153-24CE-DDF4-7685-F2EC0EEE2432}"
EndProject
Project("{FAE04EC0-301F-11D3-BF4B-00C04F79EFBC}") = "Ingest.Consumer", "src\Ingest.Consumer\Ingest.Consumer.csproj", "{C20C0045-2DC8-B489-F8E6-6263D207F3EC}"
EndProject
Global
	GlobalSection(SolutionConfigurationPlatforms) = preSolution
		Debug|Any CPU = Debug|Any CPU
		Release|Any CPU = Release|Any CPU
	EndGlobalSection
	GlobalSection(ProjectConfigurationPlatforms) = postSolution
		{7F300153-24CE-DDF4-7685-F2EC0EEE2432}.Debug|Any CPU.ActiveCfg = Debug|Any CPU
		{7F300153-24CE-DDF4-7685-F2EC0EEE2432}.Debug|Any CPU.Build.0 = Debug|Any CPU
		{7F300153-24CE-DDF4-7685-F2EC0EEE2432}.Release|Any CPU.ActiveCfg = Release|Any CPU
		{7F300153-24CE-DDF4-7685-F2EC0EEE2432}.Release|Any CPU.Build.0 = Release|Any CPU
		{C20C0045-2DC8-B489-F8E6-6263D207F3EC}.Debug|Any CPU.ActiveCfg = Debug|Any CPU
		{C20C0045-2DC8-B489-F8E6-6263D207F3EC}.Debug|Any CPU.Build.0 = Debug|Any CPU
		{C20C0045-2DC8-B489-F8E6-6263D207F3EC}.Release|Any CPU.ActiveCfg = Release|Any CPU
		{C20C0045-2DC8-B489-F8E6-6263D207F3EC}.Release|Any CPU.Build.0 = Release|Any CPU
	EndGlobalSection
	GlobalSection(SolutionProperties) = preSolution
		HideSolutionNode = FALSE
	EndGlobalSection
	GlobalSection(NestedProjects) = preSolution
		{7F300153-24CE-DDF4-7685-F2EC0EEE2432} = {827E0CD3-B72D-47B6-A68D-7590B98EB39B}
		{C20C0045-2DC8-B489-F8E6-6263D207F3EC} = {827E0CD3-B72D-47B6-A68D-7590B98EB39B}
	EndGlobalSection
	GlobalSection(ExtensibilityGlobals) = postSolution
		SolutionGuid = {95A334F6-7D2A-4946-BD6A-2633C625314B}
	EndGlobalSection
EndGlobal
